
Microsoft Visual Studio Solution File, Format Version 11.00
# Visual Studio 2010
Project("{FAE04EC0-301F-11D3-BF4B-00C04F79EFBC}") = "Assembly-CSharp", "Assembly-CSharp.csproj", "{c3aeb97b-d1dd-b781-b23e-d3748a145282}"
EndProject
Project("{FAE04EC0-301F-11D3-BF4B-00C04F79EFBC}") = "Unity.XR.Interaction.Toolkit.Samples.StarterAssets", "Unity.XR.Interaction.Toolkit.Samples.StarterAssets.csproj", "{a2dcceae-de9c-8748-6b01-3e707596e3ab}"
EndProject
Project("{FAE04EC0-301F-11D3-BF4B-00C04F79EFBC}") = "Assembly-CSharp-Editor", "Assembly-CSharp-Editor.csproj", "{7a780d65-0d04-d4ba-8f12-4f4189db1938}"
EndProject
Global
	GlobalSection(SolutionConfigurationPlatforms) = preSolution
		Debug|Any CPU = Debug|Any CPU
	EndGlobalSection
	GlobalSection(ProjectConfigurationPlatforms) = postSolution
		{c3aeb97b-d1dd-b781-b23e-d3748a145282}.Debug|Any CPU.ActiveCfg = Debug|Any CPU
		{c3aeb97b-d1dd-b781-b23e-d3748a145282}.Debug|Any CPU.Build.0 = Debug|Any CPU
		{a2dcceae-de9c-8748-6b01-3e707596e3ab}.Debug|Any CPU.ActiveCfg = Debug|Any CPU
		{a2dcceae-de9c-8748-6b01-3e707596e3ab}.Debug|Any CPU.Build.0 = Debug|Any CPU
		{7a780d65-0d04-d4ba-8f12-4f4189db1938}.Debug|Any CPU.ActiveCfg = Debug|Any CPU
		{7a780d65-0d04-d4ba-8f12-4f4189db1938}.Debug|Any CPU.Build.0 = Debug|Any CPU
	EndGlobalSection
	GlobalSection(SolutionProperties) = preSolution
		HideSolutionNode = FALSE
	EndGlobalSection
EndGlobal
